
Microsoft Visual Studio Solution File, Format Version 12.00
# Visual Studio Version 17
VisualStudioVersion = 17.9.34616.47
MinimumVisualStudioVersion = 10.0.40219.1
Project("{FAE04EC0-301F-11D3-BF4B-00C04F79EFBC}") = "MusixPlayerApp", "MusixPlayerApp\MusixPlayerApp.csproj", "{1CABE2E2-C554-4259-970B-D310F6ACF6EF}"
EndProject
Global
	GlobalSection(SolutionConfigurationPlatforms) = preSolution
		Debug|Any CPU = Debug|Any CPU
		Release|Any CPU = Release|Any CPU
	EndGlobalSection
	GlobalSection(ProjectConfigurationPlatforms) = postSolution
		{1CABE2E2-C554-4259-970B-D310F6ACF6EF}.Debug|Any CPU.ActiveCfg = Debug|Any CPU
		{1CABE2E2-C554-4259-970B-D310F6ACF6EF}.Debug|Any CPU.Build.0 = Debug|Any CPU
		{1CABE2E2-C554-4259-970B-D310F6ACF6EF}.Release|Any CPU.ActiveCfg = Release|Any CPU
		{1CABE2E2-C554-4259-970B-D310F6ACF6EF}.Release|Any CPU.Build.0 = Release|Any CPU
	EndGlobalSection
	GlobalSection(SolutionProperties) = preSolution
		HideSolutionNode = FALSE
	EndGlobalSection
	GlobalSection(ExtensibilityGlobals) = postSolution
		SolutionGuid = {2E69DAC3-D508-4BB7-B094-31BB5EF7F322}
	EndGlobalSection
EndGlobal
